// !$*UTF8*$!
{
	archiveVersion = 1;
	classes = {
	};
	objectVersion = 46;
	objects = {

/* Begin PBXBuildFile section */
		B0C402FD1FB53ADA000EA973 /* AppDelegate.swift in Sources */ = {isa = PBXBuildFile; fileRef = B0C402FC1FB53ADA000EA973 /* AppDelegate.swift */; };
		B0C402FF1FB53ADA000EA973 /* FirstViewController.swift in Sources */ = {isa = PBXBuildFile; fileRef = B0C402FE1FB53ADA000EA973 /* FirstViewController.swift */; };
		B0C403011FB53ADA000EA973 /* SecondViewController.swift in Sources */ = {isa = PBXBuildFile; fileRef = B0C403001FB53ADA000EA973 /* SecondViewController.swift */; };
		B0C403041FB53ADA000EA973 /* Main.storyboard in Resources */ = {isa = PBXBuildFile; fileRef = B0C403021FB53ADA000EA973 /* Main.storyboard */; };
		B0C403061FB53ADA000EA973 /* Assets.xcassets in Resources */ = {isa = PBXBuildFile; fileRef = B0C403051FB53ADA000EA973 /* Assets.xcassets */; };
		B0C403091FB53ADA000EA973 /* LaunchScreen.storyboard in Resources */ = {isa = PBXBuildFile; fileRef = B0C403071FB53ADA000EA973 /* LaunchScreen.storyboard */; };
/* End PBXBuildFile section */

/* Begin PBXFileReference section */
		B0C402F91FB53ADA000EA973 /* securityMemo.app */ = {isa = PBXFileReference; explicitFileType = wrapper.application; includeInIndex = 0; path = securityMemo.app; sourceTree = BUILT_PRODUCTS_DIR; };
		B0C402FC1FB53ADA000EA973 /* AppDelegate.swift */ = {isa = PBXFileReference; lastKnownFileType = sourcecode.swift; path = AppDelegate.swift; sourceTree = "<group>"; };
		B0C402FE1FB53ADA000EA973 /* FirstViewController.swift */ = {isa = PBXFileReference; lastKnownFileType = sourcecode.swift; path = FirstViewController.swift; sourceTree = "<group>"; };
		B0C403001FB53ADA000EA973 /* SecondViewController.swift */ = {isa = PBXFileReference; lastKnownFileType = sourcecode.swift; path = SecondViewController.swift; sourceTree = "<group>"; };
		B0C403031FB53ADA000EA973 /* Base */ = {isa = PBXFileReference; lastKnownFileType = file.storyboard; name = Base; path = Base.lproj/Main.storyboard; sourceTree = "<group>"; };
		B0C403051FB53ADA000EA973 /* Assets.xcassets */ = {isa = PBXFileReference; lastKnownFileType = folder.assetcatalog; path = Assets.xcassets; sourceTree = "<group>"; };
		B0C403081FB53ADA000EA973 /* Base */ = {isa = PBXFileReference; lastKnownFileType = file.storyboard; name = Base; path = Base.lproj/LaunchScreen.storyboard; sourceTree = "<group>"; };
		B0C4030A1FB53ADA000EA973 /* Info.plist */ = {isa = PBXFileReference; lastKnownFileType = text.plist.xml; path = Info.plist; sourceTree = "<group>"; };
/* End PBXFileReference section */

/* Begin PBXFrameworksBuildPhase section */
		B0C402F61FB53ADA000EA973 /* Frameworks */ = {
			isa = PBXFrameworksBuildPhase;
			buildActionMask = 2147483647;
			files = (
			);
			runOnlyForDeploymentPostprocessing = 0;
		};
/* End PBXFrameworksBuildPhase section */

/* Begin PBXGroup section */
		B0C402F01FB53ADA000EA973 = {
			isa = PBXGroup;
			children = (
				B0C402FB1FB53ADA000EA973 /* securityMemo */,
				B0C402FA1FB53ADA000EA973 /* Products */,
			);
			sourceTree = "<group>";
		};
		B0C402FA1FB53ADA000EA973 /* Products */ = {
			isa = PBXGroup;
			children = (
				B0C402F91FB53ADA000EA973 /* securityMemo.app */,
			);
			name = Products;
			sourceTree = "<group>";
		};
		B0C402FB1FB53ADA000EA973 /* securityMemo */ = {
			isa = PBXGroup;
			children = (
				B0C402FC1FB53ADA000EA973 /* AppDelegate.swift */,
				B0C402FE1FB53ADA000EA973 /* FirstViewController.swift */,
				B0C403001FB53ADA000EA973 /* SecondViewController.swift */,
				B0C403021FB53ADA000EA973 /* Main.storyboard */,
				B0C403051FB53ADA000EA973 /* Assets.xcassets */,
				B0C403071FB53ADA000EA973 /* LaunchScreen.storyboard */,
				B0C4030A1FB53ADA000EA973 /* Info.plist */,
			);
			path = securityMemo;
			sourceTree = "<group>";
		};
/* End PBXGroup section */

/* Begin PBXNativeTarget section */
		B0C402F81FB53ADA000EA973 /* securityMemo */ = {
			isa = PBXNativeTarget;
			buildConfigurationList = B0C4030D1FB53ADA000EA973 /* Build configuration list for PBXNativeTarget "securityMemo" */;
			buildPhases = (
				B0C402F51FB53ADA000EA973 /* Sources */,
				B0C402F61FB53ADA000EA973 /* Frameworks */,
				B0C402F71FB53ADA000EA973 /* Resources */,
			);
			buildRules = (
			);
			dependencies = (
			);
			name = securityMemo;
			productName = securityMemo;
			productReference = B0C402F91FB53ADA000EA973 /* securityMemo.app */;
			productType = "com.apple.product-type.application";
		};
/* End PBXNativeTarget section */

/* Begin PBXProject section */
		B0C402F11FB53ADA000EA973 /* Project object */ = {
			isa = PBXProject;
			attributes = {
				LastSwiftUpdateCheck = 0830;
				LastUpgradeCheck = 0830;
				ORGANIZATIONNAME = Tehiaohiao;
				TargetAttributes = {
					B0C402F81FB53ADA000EA973 = {
						CreatedOnToolsVersion = 8.3.3;
						DevelopmentTeam = HNT9H2868U;
						ProvisioningStyle = Automatic;
					};
				};
			};
			buildConfigurationList = B0C402F41FB53ADA000EA973 /* Build configuration list for PBXProject "securityMemo" */;
			compatibilityVersion = "Xcode 3.2";
			developmentRegion = English;
			hasScannedForEncodings = 0;
			knownRegions = (
				en,
				Base,
			);
			mainGroup = B0C402F01FB53ADA000EA973;
			productRefGroup = B0C402FA1FB53ADA000EA973 /* Products */;
			projectDirPath = "";
			projectRoot = "";
			targets = (
				B0C402F81FB53ADA000EA973 /* securityMemo */,
			);
		};
/* End PBXProject section */

/* Begin PBXResourcesBuildPhase section */
		B0C402F71FB53ADA000EA973 /* Resources */ = {
			isa = PBXResourcesBuildPhase;
			buildActionMask = 2147483647;
			files = (
				B0C403091FB53ADA000EA973 /* LaunchScreen.storyboard in Resources */,
				B0C403061FB53ADA000EA973 /* Assets.xcassets in Resources */,
				B0C403041FB53ADA000EA973 /* Main.storyboard in Resources */,
			);
			runOnlyForDeploymentPostprocessing = 0;
		};
/* End PBXResourcesBuildPhase section */

/* Begin PBXSourcesBuildPhase section */
		B0C402F51FB53ADA000EA973 /* Sources */ = {
			isa = PBXSourcesBuildPhase;
			buildActionMask = 2147483647;
			files = (
				B0C403011FB53ADA000EA973 /* SecondViewController.swift in Sources */,
				B0C402FD1FB53ADA000EA973 /* AppDelegate.swift in Sources */,
				B0C402FF1FB53ADA000EA973 /* FirstViewController.swift in Sources */,
			);
			runOnlyForDeploymentPostprocessing = 0;
		};
/* End PBXSourcesBuildPhase section */

/* Begin PBXVariantGroup section */
		B0C403021FB53ADA000EA973 /* Main.storyboard */ = {
			isa = PBXVariantGroup;
			children = (
				B0C403031FB53ADA000EA973 /* Base */,
			);
			name = Main.storyboard;
			sourceTree = "<group>";
		};
		B0C403071FB53ADA000EA973 /* LaunchScreen.storyboard */ = {
			isa = PBXVariantGroup;
			children = (
				B0C403081FB53ADA000EA973 /* Base */,
			);
			name = LaunchScreen.storyboard;
			sourceTree = "<group>";
		};
/* End PBXVariantGroup section */

/* Begin XCBuildConfiguration section */
		B0C4030B1FB53ADA000EA973 /* Debug */ = {
			isa = XCBuildConfiguration;
			buildSettings = {
				ALWAYS_SEARCH_USER_PATHS = NO;
				CLANG_ANALYZER_NONNULL = YES;
				CLANG_ANALYZER_NUMBER_OBJECT_CONVERSION = YES_AGGRESSIVE;
				CLANG_CXX_LANGUAGE_STANDARD = "gnu++0x";
				CLANG_CXX_LIBRARY = "libc++";
				CLANG_ENABLE_MODULES = YES;
				CLANG_ENABLE_OBJC_ARC = YES;
				CLANG_WARN_BOOL_CONVERSION = YES;
				CLANG_WARN_CONSTANT_CONVERSION = YES;
				CLANG_WARN_DIRECT_OBJC_ISA_USAGE = YES_ERROR;
				CLANG_WARN_DOCUMENTATION_COMMENTS = YES;
				CLANG_WARN_EMPTY_BODY = YES;
				CLANG_WARN_ENUM_CONVERSION = YES;
				CLANG_WARN_INFINITE_RECURSION = YES;
				CLANG_WARN_INT_CONVERSION = YES;
				CLANG_WARN_OBJC_ROOT_CLASS = YES_ERROR;
				CLANG_WARN_SUSPICIOUS_MOVE = YES;
				CLANG_WARN_UNREACHABLE_CODE = YES;
				CLANG_WARN__DUPLICATE_METHOD_MATCH = YES;
				"CODE_SIGN_IDENTITY[sdk=iphoneos*]" = "iPhone Developer";
				COPY_PHASE_STRIP = NO;
				DEBUG_INFORMATION_FORMAT = dwarf;
				ENABLE_STRICT_OBJC_MSGSEND = YES;
				ENABLE_TESTABILITY = YES;
				GCC_C_LANGUAGE_STANDARD = gnu99;
				GCC_DYNAMIC_NO_PIC = NO;
				GCC_NO_COMMON_BLOCKS = YES;
				GCC_OPTIMIZATION_LEVEL = 0;
				GCC_PREPROCESSOR_DEFINITIONS = (
					"DEBUG=1",
					"$(inherited)",
				);
				GCC_WARN_64_TO_32_BIT_CONVERSION = YES;
				GCC_WARN_ABOUT_RETURN_TYPE = YES_ERROR;
				GCC_WARN_UNDECLARED_SELECTOR = YES;
				GCC_WARN_UNINITIALIZED_AUTOS = YES_AGGRESSIVE;
				GCC_WARN_UNUSED_FUNCTION = YES;
				GCC_WARN_UNUSED_VARIABLE = YES;
				IPHONEOS_DEPLOYMENT_TARGET = 10.3;
				MTL_ENABLE_DEBUG_INFO = YES;
				ONLY_ACTIVE_ARCH = YES;
				SDKROOT = iphoneos;
				SWIFT_ACTIVE_COMPILATION_CONDITIONS = DEBUG;
				SWIFT_OPTIMIZATION_LEVEL = "-Onone";
				TARGETED_DEVICE_FAMILY = "1,2";
			};
			name = Debug;
		};
		B0C4030C1FB53ADA000EA973 /* Release */ = {
			isa = XCBuildConfiguration;
			buildSettings = {
				ALWAYS_SEARCH_USER_PATHS = NO;
				CLANG_ANALYZER_NONNULL = YES;
				CLANG_ANALYZER_NUMBER_OBJECT_CONVERSION = YES_AGGRESSIVE;
				CLANG_CXX_LANGUAGE_STANDARD = "gnu++0x";
				CLANG_CXX_LIBRARY = "libc++";
				CLANG_ENABLE_MODULES = YES;
				CLANG_ENABLE_OBJC_ARC = YES;
				CLANG_WARN_BOOL_CONVERSION = YES;
				CLANG_WARN_CONSTANT_CONVERSION = YES;
				CLANG_WARN_DIRECT_OBJC_ISA_USAGE = YES_ERROR;
				CLANG_WARN_DOCUMENTATION_COMMENTS = YES;
				CLANG_WARN_EMPTY_BODY = YES;
				CLANG_WARN_ENUM_CONVERSION = YES;
				CLANG_WARN_INFINITE_RECURSION = YES;
				CLANG_WARN_INT_CONVERSION = YES;
				CLANG_WARN_OBJC_ROOT_CLASS = YES_ERROR;
				CLANG_WARN_SUSPICIOUS_MOVE = YES;
				CLANG_WARN_UNREACHABLE_CODE = YES;
				CLANG_WARN__DUPLICATE_METHOD_MATCH = YES;
				"CODE_SIGN_IDENTITY[sdk=iphoneos*]" = "iPhone Developer";
				COPY_PHASE_STRIP = NO;
				DEBUG_INFORMATION_FORMAT = "dwarf-with-dsym";
				ENABLE_NS_ASSERTIONS = NO;
				ENABLE_STRICT_OBJC_MSGSEND = YES;
				GCC_C_LANGUAGE_STANDARD = gnu99;
				GCC_NO_COMMON_BLOCKS = YES;
				GCC_WARN_64_TO_32_BIT_CONVERSION = YES;
				GCC_WARN_ABOUT_RETURN_TYPE = YES_ERROR;
				GCC_WARN_UNDECLARED_SELECTOR = YES;
				GCC_WARN_UNINITIALIZED_AUTOS = YES_AGGRESSIVE;
				GCC_WARN_UNUSED_FUNCTION = YES;
				GCC_WARN_UNUSED_VARIABLE = YES;
				IPHONEOS_DEPLOYMENT_TARGET = 10.3;
				MTL_ENABLE_DEBUG_INFO = NO;
				SDKROOT = iphoneos;
				SWIFT_OPTIMIZATION_LEVEL = "-Owholemodule";
				TARGETED_DEVICE_FAMILY = "1,2";
				VALIDATE_PRODUCT = YES;
			};
			name = Release;
		};
		B0C4030E1FB53ADA000EA973 /* Debug */ = {
			isa = XCBuildConfiguration;
			buildSettings = {
				ASSETCATALOG_COMPILER_APPICON_NAME = AppIcon;
				DEVELOPMENT_TEAM = HNT9H2868U;
				INFOPLIST_FILE = securityMemo/Info.plist;
				LD_RUNPATH_SEARCH_PATHS = "$(inherited) @executable_path/Frameworks";
				PRODUCT_BUNDLE_IDENTIFIER = tehiaohiao.securityMemo;
				PRODUCT_NAME = "$(TARGET_NAME)";
				SWIFT_VERSION = 3.0;
			};
			name = Debug;
		};
		B0C4030F1FB53ADA000EA973 /* Release */ = {
			isa = XCBuildConfiguration;
			buildSettings = {
				ASSETCATALOG_COMPILER_APPICON_NAME = AppIcon;
				DEVELOPMENT_TEAM = HNT9H2868U;
				INFOPLIST_FILE = securityMemo/Info.plist;
				LD_RUNPATH_SEARCH_PATHS = "$(inherited) @executable_path/Frameworks";
				PRODUCT_BUNDLE_IDENTIFIER = tehiaohiao.securityMemo;
				PRODUCT_NAME = "$(TARGET_NAME)";
				SWIFT_VERSION = 3.0;
			};
			name = Release;
		};
/* End XCBuildConfiguration section */

/* Begin XCConfigurationList section */
		B0C402F41FB53ADA000EA973 /* Build configuration list for PBXProject "securityMemo" */ = {
			isa = XCConfigurationList;
			buildConfigurations = (
				B0C4030B1FB53ADA000EA973 /* Debug */,
				B0C4030C1FB53ADA000EA973 /* Release */,
			);
			defaultConfigurationIsVisible = 0;
			defaultConfigurationName = Release;
		};
		B0C4030D1FB53ADA000EA973 /* Build configuration list for PBXNativeTarget "securityMemo" */ = {
			isa = XCConfigurationList;
			buildConfigurations = (
				B0C4030E1FB53ADA000EA973 /* Debug */,
				B0C4030F1FB53ADA000EA973 /* Release */,
			);
			defaultConfigurationIsVisible = 0;
		};
/* End XCConfigurationList section */
	};
	rootObject = B0C402F11FB53ADA000EA973 /* Project object */;
}
